
Microsoft Visual Studio Solution File, Format Version 12.00
# Visual Studio 15
VisualStudioVersion = 15.0.27130.2026
MinimumVisualStudioVersion = 10.0.40219.1
Project("{FAE04EC0-301F-11D3-BF4B-00C04F79EFBC}") = "DataTrack.Investigator", "DataTrack.Investigator\DataTrack.Investigator.csproj", "{1ADC19CE-1462-4689-B835-BFEF82DC1801}"
EndProject
Project("{FAE04EC0-301F-11D3-BF4B-00C04F79EFBC}") = "DataTrack.Monitor", "DataTrack.Monitor\DataTrack.Monitor.csproj", "{E8571B64-039F-4158-8551-56B1817C1283}"
EndProject
Project("{FAE04EC0-301F-11D3-BF4B-00C04F79EFBC}") = "DataTrack.UnitTest", "DataTrack.UnitTest\DataTrack.UnitTest.csproj", "{700BF24B-1F36-48EE-A6F1-366189CCCBB4}"
EndProject
Project("{F088123C-0E9E-452A-89E6-6BA2F21D5CAC}") = "LayerDiagram", "LayerDiagram\LayerDiagram.modelproj", "{1B43FD63-A260-48BA-A16B-EDD33DA2EB57}"
EndProject
Project("{FAE04EC0-301F-11D3-BF4B-00C04F79EFBC}") = "DataTrack.Service", "DataTrack.Service\DataTrack.Service.csproj", "{8A273F67-CBC6-4F46-BE60-021A5AA990A0}"
EndProject
Project("{FAE04EC0-301F-11D3-BF4B-00C04F79EFBC}") = "DataTrack.DAL", "DataTrack.DAL\DataTrack.DAL.csproj", "{07DDD796-7B89-4C48-93B9-8A4FB00D6F70}"
EndProject
Project("{FAE04EC0-301F-11D3-BF4B-00C04F79EFBC}") = "DataTrack.Dto", "DataTrack.Dto\DataTrack.Dto.csproj", "{AA77FB14-94A8-400E-BA28-E23579DA896A}"
EndProject
Project("{FAE04EC0-301F-11D3-BF4B-00C04F79EFBC}") = "DataTrack.Service.Interrogator", "DataTrack.Service.Interrogator\DataTrack.Service.Interrogator.csproj", "{66F9561D-6BF3-4A18-91C1-BDC2897D43A2}"
EndProject
Global
	GlobalSection(SolutionConfigurationPlatforms) = preSolution
		Debug|Any CPU = Debug|Any CPU
		Release|Any CPU = Release|Any CPU
	EndGlobalSection
	GlobalSection(ProjectConfigurationPlatforms) = postSolution
		{1ADC19CE-1462-4689-B835-BFEF82DC1801}.Debug|Any CPU.ActiveCfg = Debug|Any CPU
		{1ADC19CE-1462-4689-B835-BFEF82DC1801}.Debug|Any CPU.Build.0 = Debug|Any CPU
		{1ADC19CE-1462-4689-B835-BFEF82DC1801}.Release|Any CPU.ActiveCfg = Release|Any CPU
		{1ADC19CE-1462-4689-B835-BFEF82DC1801}.Release|Any CPU.Build.0 = Release|Any CPU
		{E8571B64-039F-4158-8551-56B1817C1283}.Debug|Any CPU.ActiveCfg = Debug|Any CPU
		{E8571B64-039F-4158-8551-56B1817C1283}.Debug|Any CPU.Build.0 = Debug|Any CPU
		{E8571B64-039F-4158-8551-56B1817C1283}.Release|Any CPU.ActiveCfg = Release|Any CPU
		{E8571B64-039F-4158-8551-56B1817C1283}.Release|Any CPU.Build.0 = Release|Any CPU
		{700BF24B-1F36-48EE-A6F1-366189CCCBB4}.Debug|Any CPU.ActiveCfg = Debug|Any CPU
		{700BF24B-1F36-48EE-A6F1-366189CCCBB4}.Debug|Any CPU.Build.0 = Debug|Any CPU
		{700BF24B-1F36-48EE-A6F1-366189CCCBB4}.Release|Any CPU.ActiveCfg = Release|Any CPU
		{700BF24B-1F36-48EE-A6F1-366189CCCBB4}.Release|Any CPU.Build.0 = Release|Any CPU
		{1B43FD63-A260-48BA-A16B-EDD33DA2EB57}.Debug|Any CPU.ActiveCfg = Debug|Any CPU
		{1B43FD63-A260-48BA-A16B-EDD33DA2EB57}.Debug|Any CPU.Build.0 = Debug|Any CPU
		{1B43FD63-A260-48BA-A16B-EDD33DA2EB57}.Release|Any CPU.ActiveCfg = Release|Any CPU
		{1B43FD63-A260-48BA-A16B-EDD33DA2EB57}.Release|Any CPU.Build.0 = Release|Any CPU
		{8A273F67-CBC6-4F46-BE60-021A5AA990A0}.Debug|Any CPU.ActiveCfg = Debug|Any CPU
		{8A273F67-CBC6-4F46-BE60-021A5AA990A0}.Debug|Any CPU.Build.0 = Debug|Any CPU
		{8A273F67-CBC6-4F46-BE60-021A5AA990A0}.Release|Any CPU.ActiveCfg = Release|Any CPU
		{8A273F67-CBC6-4F46-BE60-021A5AA990A0}.Release|Any CPU.Build.0 = Release|Any CPU
		{07DDD796-7B89-4C48-93B9-8A4FB00D6F70}.Debug|Any CPU.ActiveCfg = Debug|Any CPU
		{07DDD796-7B89-4C48-93B9-8A4FB00D6F70}.Debug|Any CPU.Build.0 = Debug|Any CPU
		{07DDD796-7B89-4C48-93B9-8A4FB00D6F70}.Release|Any CPU.ActiveCfg = Release|Any CPU
		{07DDD796-7B89-4C48-93B9-8A4FB00D6F70}.Release|Any CPU.Build.0 = Release|Any CPU
		{AA77FB14-94A8-400E-BA28-E23579DA896A}.Debug|Any CPU.ActiveCfg = Debug|Any CPU
		{AA77FB14-94A8-400E-BA28-E23579DA896A}.Debug|Any CPU.Build.0 = Debug|Any CPU
		{AA77FB14-94A8-400E-BA28-E23579DA896A}.Release|Any CPU.ActiveCfg = Release|Any CPU
		{AA77FB14-94A8-400E-BA28-E23579DA896A}.Release|Any CPU.Build.0 = Release|Any CPU
		{66F9561D-6BF3-4A18-91C1-BDC2897D43A2}.Debug|Any CPU.ActiveCfg = Debug|Any CPU
		{66F9561D-6BF3-4A18-91C1-BDC2897D43A2}.Debug|Any CPU.Build.0 = Debug|Any CPU
		{66F9561D-6BF3-4A18-91C1-BDC2897D43A2}.Release|Any CPU.ActiveCfg = Release|Any CPU
		{66F9561D-6BF3-4A18-91C1-BDC2897D43A2}.Release|Any CPU.Build.0 = Release|Any CPU
	EndGlobalSection
	GlobalSection(SolutionProperties) = preSolution
		HideSolutionNode = FALSE
	EndGlobalSection
	GlobalSection(ExtensibilityGlobals) = postSolution
		SolutionGuid = {C1A56FE9-CD0F-4169-B38E-3B8C54BDBFE0}
	EndGlobalSection
EndGlobal
